
Microsoft Visual Studio Solution File, Format Version 12.00
# Visual Studio 15
VisualStudioVersion = 15.0.26403.7
MinimumVisualStudioVersion = 10.0.40219.1
Project("{FAE04EC0-301F-11D3-BF4B-00C04F79EFBC}") = "Digits_Recognition", "Program\Digits_Recognition.csproj", "{C60BDFF4-D4C3-47F5-A493-A711010DDA78}"
EndProject
Project("{FAE04EC0-301F-11D3-BF4B-00C04F79EFBC}") = "Test", "DataCollecting\Test.csproj", "{C5D95703-403B-431F-AE6A-2F13CD0D9DB4}"
EndProject
Global
	GlobalSection(SolutionConfigurationPlatforms) = preSolution
		Debug|Any CPU = Debug|Any CPU
		Release|Any CPU = Release|Any CPU
	EndGlobalSection
	GlobalSection(ProjectConfigurationPlatforms) = postSolution
		{C60BDFF4-D4C3-47F5-A493-A711010DDA78}.Debug|Any CPU.ActiveCfg = Debug|Any CPU
		{C60BDFF4-D4C3-47F5-A493-A711010DDA78}.Debug|Any CPU.Build.0 = Debug|Any CPU
		{C60BDFF4-D4C3-47F5-A493-A711010DDA78}.Release|Any CPU.ActiveCfg = Release|Any CPU
		{C60BDFF4-D4C3-47F5-A493-A711010DDA78}.Release|Any CPU.Build.0 = Release|Any CPU
		{C5D95703-403B-431F-AE6A-2F13CD0D9DB4}.Debug|Any CPU.ActiveCfg = Debug|Any CPU
		{C5D95703-403B-431F-AE6A-2F13CD0D9DB4}.Debug|Any CPU.Build.0 = Debug|Any CPU
		{C5D95703-403B-431F-AE6A-2F13CD0D9DB4}.Release|Any CPU.ActiveCfg = Release|Any CPU
		{C5D95703-403B-431F-AE6A-2F13CD0D9DB4}.Release|Any CPU.Build.0 = Release|Any CPU
	EndGlobalSection
	GlobalSection(SolutionProperties) = preSolution
		HideSolutionNode = FALSE
	EndGlobalSection
EndGlobal
